
Microsoft Visual Studio Solution File, Format Version 12.00
# Visual Studio 15
VisualStudioVersion = 15.0.28307.438
MinimumVisualStudioVersion = 10.0.40219.1
Project("{FAE04EC0-301F-11D3-BF4B-00C04F79EFBC}") = "Task3", "Task3\Task3.csproj", "{51E8903B-FFB0-4167-911A-29CBA9FA4652}"
EndProject
Global
	GlobalSection(SolutionConfigurationPlatforms) = preSolution
		Debug|Any CPU = Debug|Any CPU
		Release|Any CPU = Release|Any CPU
	EndGlobalSection
	GlobalSection(ProjectConfigurationPlatforms) = postSolution
		{51E8903B-FFB0-4167-911A-29CBA9FA4652}.Debug|Any CPU.ActiveCfg = Debug|Any CPU
		{51E8903B-FFB0-4167-911A-29CBA9FA4652}.Debug|Any CPU.Build.0 = Debug|Any CPU
		{51E8903B-FFB0-4167-911A-29CBA9FA4652}.Release|Any CPU.ActiveCfg = Release|Any CPU
		{51E8903B-FFB0-4167-911A-29CBA9FA4652}.Release|Any CPU.Build.0 = Release|Any CPU
	EndGlobalSection
	GlobalSection(SolutionProperties) = preSolution
		HideSolutionNode = FALSE
	EndGlobalSection
	GlobalSection(ExtensibilityGlobals) = postSolution
		SolutionGuid = {FB9E5AB0-5ED9-45D2-8FC4-979ED7495DF3}
	EndGlobalSection
EndGlobal
